
Microsoft Visual Studio Solution File, Format Version 12.00
# Visual Studio Version 16
VisualStudioVersion = 16.0.30225.117
MinimumVisualStudioVersion = 10.0.40219.1
Project("{FAE04EC0-301F-11D3-BF4B-00C04F79EFBC}") = "ConsoleApp71", "ConsoleApp71\ConsoleApp71.csproj", "{213DE98B-EE01-44D7-97F8-C65E9DB16BAE}"
EndProject
Global
	GlobalSection(SolutionConfigurationPlatforms) = preSolution
		Debug|Any CPU = Debug|Any CPU
		Release|Any CPU = Release|Any CPU
	EndGlobalSection
	GlobalSection(ProjectConfigurationPlatforms) = postSolution
		{213DE98B-EE01-44D7-97F8-C65E9DB16BAE}.Debug|Any CPU.ActiveCfg = Debug|Any CPU
		{213DE98B-EE01-44D7-97F8-C65E9DB16BAE}.Debug|Any CPU.Build.0 = Debug|Any CPU
		{213DE98B-EE01-44D7-97F8-C65E9DB16BAE}.Release|Any CPU.ActiveCfg = Release|Any CPU
		{213DE98B-EE01-44D7-97F8-C65E9DB16BAE}.Release|Any CPU.Build.0 = Release|Any CPU
	EndGlobalSection
	GlobalSection(SolutionProperties) = preSolution
		HideSolutionNode = FALSE
	EndGlobalSection
	GlobalSection(ExtensibilityGlobals) = postSolution
		SolutionGuid = {9C3B0FFE-ECE1-4DD3-901B-8219C0A90E2F}
	EndGlobalSection
EndGlobal
